
Microsoft Visual Studio Solution File, Format Version 12.00
# Visual Studio Version 17
VisualStudioVersion = 17.2.32526.322
MinimumVisualStudioVersion = 10.0.40219.1
Project("{FAE04EC0-301F-11D3-BF4B-00C04F79EFBC}") = "Void_Method", "Void_Method\Void_Method.csproj", "{98065FAF-CBFC-46F6-BDC9-FA55741F6AAB}"
EndProject
Global
	GlobalSection(SolutionConfigurationPlatforms) = preSolution
		Debug|Any CPU = Debug|Any CPU
		Release|Any CPU = Release|Any CPU
	EndGlobalSection
	GlobalSection(ProjectConfigurationPlatforms) = postSolution
		{98065FAF-CBFC-46F6-BDC9-FA55741F6AAB}.Debug|Any CPU.ActiveCfg = Debug|Any CPU
		{98065FAF-CBFC-46F6-BDC9-FA55741F6AAB}.Debug|Any CPU.Build.0 = Debug|Any CPU
		{98065FAF-CBFC-46F6-BDC9-FA55741F6AAB}.Release|Any CPU.ActiveCfg = Release|Any CPU
		{98065FAF-CBFC-46F6-BDC9-FA55741F6AAB}.Release|Any CPU.Build.0 = Release|Any CPU
	EndGlobalSection
	GlobalSection(SolutionProperties) = preSolution
		HideSolutionNode = FALSE
	EndGlobalSection
	GlobalSection(ExtensibilityGlobals) = postSolution
		SolutionGuid = {5748611F-AAF8-4DAF-AC7F-4116B5DC7059}
	EndGlobalSection
EndGlobal
